
Microsoft Visual Studio Solution File, Format Version 12.00
# Visual Studio Version 16
VisualStudioVersion = 16.0.31129.286
MinimumVisualStudioVersion = 10.0.40219.1
Project("{FAE04EC0-301F-11D3-BF4B-00C04F79EFBC}") = "BetterBroadcast", "BetterBroadcast.csproj", "{AD10324E-FF76-4FA9-A612-E50A79EF3D5F}"
EndProject
Global
	GlobalSection(SolutionConfigurationPlatforms) = preSolution
		Debug|Any CPU = Debug|Any CPU
		Release|Any CPU = Release|Any CPU
	EndGlobalSection
	GlobalSection(ProjectConfigurationPlatforms) = postSolution
		{AD10324E-FF76-4FA9-A612-E50A79EF3D5F}.Debug|Any CPU.ActiveCfg = Debug|Any CPU
		{AD10324E-FF76-4FA9-A612-E50A79EF3D5F}.Debug|Any CPU.Build.0 = Debug|Any CPU
		{AD10324E-FF76-4FA9-A612-E50A79EF3D5F}.Release|Any CPU.ActiveCfg = Release|Any CPU
		{AD10324E-FF76-4FA9-A612-E50A79EF3D5F}.Release|Any CPU.Build.0 = Release|Any CPU
	EndGlobalSection
	GlobalSection(SolutionProperties) = preSolution
		HideSolutionNode = FALSE
	EndGlobalSection
	GlobalSection(ExtensibilityGlobals) = postSolution
		SolutionGuid = {B5CD6417-76CC-405F-A998-3CE8CEFBF1E2}
	EndGlobalSection
EndGlobal
